{
    "_meta": {
        "hash": {
            "sha256": "84480f9f17af985c9594767eb94bb9bc1bee8cd9ebc2eb17526dec8ad2fd26aa"
        },
        "pipfile-spec": 6,
        "requires": {
            "python_version": "3.8"
        },
        "sources": [
            {
                "name": "pypi",
                "url": "https://pypi.org/simple",
                "verify_ssl": true
            }
        ]
    },
    "default": {
        "cvxpy": {
            "hashes": [
                "sha256:05430b56b28bc11edf8be287ce773c34b942335fac154a18ebc298ad6245383b",
                "sha256:0b685e5040f199f3d703f30f5d22d1f865597623455153d1ddd770245aef0975",
                "sha256:11e3d09592427eb62dd3268e0e186ef2a1a2587418589e65c264cfe82331de2e",
                "sha256:2b6dde84f42c7d8fd1bf6867a77667ff73529ee5e1ea27892e45716077119e86",
                "sha256:3b39683655fa099e9b6e51b38bdad5353eaae86344c58dfc7616b33db661bcb0",
                "sha256:4765a1e2529bd4f095720143ddd7e55f1063b5a2793daf9d03ebf7f584f87553",
                "sha256:4bde3515840eb56c8448751d04847abcba074ddc1ebb2f47dbc2c85ad9b78b81",
                "sha256:5c9b2b7474647483531ccd469bbfbb4589410d65ac4c28112751c8c56e14d2c3",
                "sha256:646908a9afbd20deb2f7848c48521f6677916007170db4b31cf8b679c1e193e0",
                "sha256:647ba8ced43c55241ca684fd9f5be58258e793e92e611abc802c1b540582cb8c",
                "sha256:76c4e7b5a3bc540c09c8388302f5ed5033738454033a9d56a06eb78cfb303e11",
                "sha256:817d82d1e8b6dc5da244061ce6a63549eb7ef2e3a083c7d170ad578ce09f3071",
                "sha256:843f6cd637c31f70ffcf817df86731b99bb15c847d4554a47cf3c0479571a26d",
                "sha256:8ff9c078919ff19e8297ff75be80262fd208d1ad014a3292baa3311c450f1de0",
                "sha256:9fc6d54393eb926693634134c5109ddd7a17cdb642e8c5a0ff613d8873c0cba3",
                "sha256:a0046798fd869853dd9d8d111530da08621b35f16c7346ff6a4775071fa2b273",
                "sha256:a70540d1ed93491b285f3f05451bd76df5f39c16e82c350c79dae31a0f8776c6",
                "sha256:b1e8b7b609630788aabd7ddbfc7dd3d0436a30b814e1896cb45d20155cae8809",
                "sha256:b423313e614a73bc55d7b8474039160ed5ae74e133a15cef51f58639ab210050",
                "sha256:ba37dd5499014fde1da022bdea6efc0ef5e998b3f62c052751812c235a1a58cf",
                "sha256:bf60240f53441abe0f41f147383831345562c0f458e96e112ba55cb4d9030f27",
                "sha256:d3bb3db0f7ac49b8acb9a92d3bd5cf814920a6115a9275124bef1299770208c3",
                "sha256:d771ceba9195ebe3164c0b635fd038840577f009ffc12e910db5d1df44b30792",
                "sha256:f372d8702b143f79bb097adcb102a0d5888cbb3e4e7e232fb4a101a04d97cc9b",
                "sha256:fadc5c9761ad3b2e3a28bfffb0635bdf6689d2c26721c6f3feeec08b638dd940"
            ],
            "markers": "python_version >= '3.7'",
            "version": "==1.3.2"
        },
        "ecos": {
            "hashes": [
                "sha256:29d00164eaea66ed54697a3b361c575284a8bca54f2623381a0635806c7303a7",
                "sha256:3e42bd4c19af6e04f76ccc85d941b1f1adc7faeee4d06d482395a6beb7bec895",
                "sha256:4979dc2d1cb6667e371a45a61887068505c1305437eef104ed6ef16f4b6aa0e3",
                "sha256:4e86671397d1d2cd7cccff8a9c45be0541b0c60af8b92a0ff3581c9ed869db67",
                "sha256:5184a9d8521ad1af90ffcd9902a6fa75c7bc473f37d30d86f97beda1033dfca2",
                "sha256:528b02f53835bd1baeb2e23f8153b8d6cc2b3704e1768be6a1a972f542241670",
                "sha256:608bc822ee8e070927ab3519169b13a1a0fe88f3d562212d6b5dbb1039776360",
                "sha256:617be25d74222849622b0f82b94a11abcf1fae78ccaf69977b328321ee6ffa0b",
                "sha256:6def54336a15b5a49bc3bfcaa36035e8557cae8a4853b17ca84f5a29c93bcaea",
                "sha256:7af08941552fce108bd80145cdb6be7fa74477a20bacdac170800442cc7027d4",
                "sha256:835298a299c88c207b3402fba60ad9b5688b59bbbf2ac34a46de5b37165d773a",
                "sha256:858a4dd3177bdc8cc6e362031732f5177b62138a1e4ef91c0dc3c6bd7d2d1248",
                "sha256:da8fbbca3feb83a9e27075d29b3765417d0c80af8ea83cbdc4a558cae7b564af",
                "sha256:eba07599084724eedc20b2862d5580eebebb09609f4740baadc78401cb99827c",
                "sha256:f48816d73b87ae325556ea537b7c8743187311403c80e3832035224156337c4e",
                "sha256:f70e4547966f530fd7715756f7a65d5b9b90b312b9d37f243ef9356c05e7d74c"
            ],
            "version": "==2.0.12"
        },
        "numpy": {
            "hashes": [
                "sha256:04640dab83f7c6c85abf9cd729c5b65f1ebd0ccf9de90b270cd61935eef0197f",
                "sha256:1452241c290f3e2a312c137a9999cdbf63f78864d63c79039bda65ee86943f61",
                "sha256:222e40d0e2548690405b0b3c7b21d1169117391c2e82c378467ef9ab4c8f0da7",
                "sha256:2541312fbf09977f3b3ad449c4e5f4bb55d0dbf79226d7724211acc905049400",
                "sha256:31f13e25b4e304632a4619d0e0777662c2ffea99fcae2029556b17d8ff958aef",
                "sha256:4602244f345453db537be5314d3983dbf5834a9701b7723ec28923e2889e0bb2",
                "sha256:4979217d7de511a8d57f4b4b5b2b965f707768440c17cb70fbf254c4b225238d",
                "sha256:4c21decb6ea94057331e111a5bed9a79d335658c27ce2adb580fb4d54f2ad9bc",
                "sha256:6620c0acd41dbcb368610bb2f4d83145674040025e5536954782467100aa8835",
                "sha256:692f2e0f55794943c5bfff12b3f56f99af76f902fc47487bdfe97856de51a706",
                "sha256:7215847ce88a85ce39baf9e89070cb860c98fdddacbaa6c0da3ffb31b3350bd5",
                "sha256:79fc682a374c4a8ed08b331bef9c5f582585d1048fa6d80bc6c35bc384eee9b4",
                "sha256:7ffe43c74893dbf38c2b0a1f5428760a1a9c98285553c89e12d70a96a7f3a4d6",
                "sha256:80f5e3a4e498641401868df4208b74581206afbee7cf7b8329daae82676d9463",
                "sha256:95f7ac6540e95bc440ad77f56e520da5bf877f87dca58bd095288dce8940532a",
                "sha256:9667575fb6d13c95f1b36aca12c5ee3356bf001b714fc354eb5465ce1609e62f",
                "sha256:a5425b114831d1e77e4b5d812b69d11d962e104095a5b9c3b641a218abcc050e",
                "sha256:b4bea75e47d9586d31e892a7401f76e909712a0fd510f58f5337bea9572c571e",
                "sha256:b7b1fc9864d7d39e28f41d089bfd6353cb5f27ecd9905348c24187a768c79694",
                "sha256:befe2bf740fd8373cf56149a5c23a0f601e82869598d41f8e188a0e9869926f8",
                "sha256:c0bfb52d2169d58c1cdb8cc1f16989101639b34c7d3ce60ed70b19c63eba0b64",
                "sha256:d11efb4dbecbdf22508d55e48d9c8384db795e1b7b51ea735289ff96613ff74d",
                "sha256:dd80e219fd4c71fc3699fc1dadac5dcf4fd882bfc6f7ec53d30fa197b8ee22dc",
                "sha256:e2926dac25b313635e4d6cf4dc4e51c8c0ebfed60b801c799ffc4c32bf3d1254",
                "sha256:e98f220aa76ca2a977fe435f5b04d7b3470c0a2e6312907b37ba6068f26787f2",
                "sha256:ed094d4f0c177b1b8e7aa9cba7d6ceed51c0e569a5318ac0ca9a090680a6a1b1",
                "sha256:f136bab9c2cfd8da131132c2cf6cc27331dd6fae65f95f69dcd4ae3c3639c810",
                "sha256:f3a86ed21e4f87050382c7bc96571755193c4c1392490744ac73d660e8f564a9"
            ],
            "markers": "python_version >= '3.8'",
            "version": "==1.24.4"
        },
        "osqp": {
            "hashes": [
                "sha256:0084e3d733c75687d68bc133bc380ce471dfe6f7724af2718a43491782eec8d6",
                "sha256:03e460e683ec2ce0f839353ddfa3c4c8ffa509ab8cf6a2b2afbb586fa453e180",
                "sha256:0441c10f7fe5f46692a9b44a57138977bb112ae3f8127151671968c5d9ec5dbb",
                "sha256:146b89f2cfbf59eaeb2c47e3a312f2034138df78d80ce052364810dc0ef70fc4",
                "sha256:1b2049b2c42565dcaa63ddca1c4028b1fb20aab141453f5d77e8ff5b1a99a2cf",
                "sha256:1b573fe1cd0e82239a279c58817c1d365187ef862e928b2b9c828c3c516ad3c2",
                "sha256:1c548a0b3691850e7e22f3624a128d8af33416d70a9b5976a47d4d832028dcd8",
                "sha256:30fbc3b3c028c06a6c5f1e66be7b7106ad48a29e0dc5bd82393f82dd68235ef8",
                "sha256:387e7abd737dfe32c9ec00ad74af25328cdd0d0f634d79530655c040a5cb9590",
                "sha256:3cbb6efdaffb7387dc0037dfe3259d4803e5ad7217e6f20fb605c92953214b9d",
                "sha256:3f3a3c6d2708868e5e3fe2da300d6523cbf68a3d8734ce9c5043db37391969f5",
                "sha256:41f304d1d7f91af07d8f0b01e5af29ec3bb8824f0102c7fd8b13b497be120da4",
                "sha256:60abec3593870990b16f00bd5017096a7091fb00b68d0db3383fc048ca8e55c9",
                "sha256:6c3951ef505177b858c6cd34de980346014cae3d2234c93db960b12c5885f9a2",
                "sha256:71d9f611823af4a8b241c86805920e5382cd65c7f94fd3615b4eef999ed94c7c",
                "sha256:7eafa3f3e82dd36c52f3f4ef19a95142405c807c272c4b53c5971c53535d7804",
                "sha256:b15e65a307fbbabf60248bb9bc204e61d5d4ae64e00427a69e2dad9622f4c29d",
                "sha256:b73bdd9589901841af83c5ed6a4092b4fac5a0beff9e32682d8526d1f16a728c",
                "sha256:c07b1a4b538aab629b0fae69f644b7e76f81f94d65230014d482e296dacd046b",
                "sha256:dc18f87c9549032c163ce590a5e32079df94ee656c8fb357ba607aa9d78fab81",
                "sha256:e1445e10a94e01698e13c87a7debf6ac1a15f3acd1f8f6340cb1ad945db4732b",
                "sha256:e1dfda08c38c3521012740a73ef782f97dfc54a41deae4b0bc4afd18d0e74da0",
                "sha256:e6b7d923c836f1d07115057e595245ccc1694ecae730a1affda78fc6f3c8d239",
                "sha256:ea7d8c92bcdf4fef98d777f13d39060d425ef2e8778ed487c96a6fa10848cdea",
                "sha256:fe57e4bde071b388518ecb068f26319506dd9cb107363d3d80c12d2e59fc1e81"
            ],
            "version": "==0.6.3"
        },
        "pandas": {
            "hashes": [
                "sha256:00dff3a8e337f5ed7ad295d98a31821d3d0fe7792da82d78d7fd79b89c03ea9d",
                "sha256:22361b1597c8c2ffd697aa9bf85423afa9e1fcfa6b1ea821054a244d5f24d75e",
                "sha256:255920e63850dc512ce356233081098554d641ba99c3767dde9e9f35630f994b",
                "sha256:26382aab9c119735908d94d2c5c08020a4a0a82969b7e5eefb92f902b3b30ad7",
                "sha256:33970f4cacdd9a0ddb8f21e151bfb9f178afb7c36eb7c25b9094c02876f385c2",
                "sha256:4545467a637e0e1393f7d05d61dace89689ad6d6f66f267f86fff737b702cce9",
                "sha256:52da74df8a9c9a103af0a72c9d5fdc8e0183a90884278db7f386b5692a2220a4",
                "sha256:61741f5aeb252f39c3031d11405305b6d10ce663c53bc3112705d7ad66c013d0",
                "sha256:6a3ac2c87e4e32a969921d1428525f09462770c349147aa8e9ab95f88c71ec71",
                "sha256:7458c48e3d15b8aaa7d575be60e1e4dd70348efcd9376656b72fecd55c59a4c3",
                "sha256:78bf638993219311377ce9836b3dc05f627a666d0dbc8cec37c0ff3c9ada673b",
                "sha256:8153705d6545fd9eb6dd2bc79301bff08825d2e2f716d5dced48daafc2d0b81f",
                "sha256:975c461accd14e89d71772e89108a050fa824c0b87a67d34cedf245f6681fc17",
                "sha256:9962957a27bfb70ab64103d0a7b42fa59c642fb4ed4cb75d0227b7bb9228535d",
                "sha256:adc3d3a3f9e59a38d923e90e20c4922fc62d1e5a03d083440468c6d8f3f1ae0a",
                "sha256:bbe3eb765a0b1e578833d243e2814b60c825b7fdbf4cdfe8e8aae8a08ed56ecf",
                "sha256:df8864824b1fe488cf778c3650ee59c3a0d8f42e53707de167ba6b4f7d35f133",
                "sha256:e45055c30a608076e31a9fcd780a956ed3b1fa20db61561b8d88b79259f526f7",
                "sha256:ee50c2142cdcf41995655d499a157d0a812fce55c97d9aad13bc1eef837ed36c"
            ],
            "markers": "python_full_version >= '3.5.3'",
            "version": "==0.25.3"
        },
        "pulp": {
            "hashes": [
                "sha256:76f9c9f984e6e407959545a556ce10c6cc0fdb0db820d627f0073ecf4f5c5c1b",
                "sha256:c15f265ae3d0c205900ff91cce2d157f191adc8a6a3967b3e146ec7faaca70e0"
            ],
            "index": "pypi",
            "version": "==2.1"
        },
        "pyparsing": {
            "hashes": [
                "sha256:d554a96d1a7d3ddaf7183104485bc19fd80543ad6ac5bdb6426719d766fb06c1",
                "sha256:edb662d6fe322d6e990b1594b5feaeadf806803359e3d4d42f11e295e588f0ea"
            ],
            "markers": "python_full_version >= '3.6.8'",
            "version": "==3.1.0"
        },
        "pyportfolioopt": {
            "hashes": [
                "sha256:3f15c5a920ca8832042204fb01df2f832120d9743b9e3424b6a77533a287475b",
                "sha256:ca6caddacefef099093598b5450cc94e9cfa8989859456ebe903b6344bd57998"
            ],
            "index": "pypi",
            "version": "==1.1.0"
        },
        "python-dateutil": {
            "hashes": [
                "sha256:0123cacc1627ae19ddf3c27a5de5bd67ee4586fbdd6440d9748f8abb483d3e86",
                "sha256:961d03dc3453ebbc59dbdea9e4e11c5651520a876d0f4db161e8674aae935da9"
            ],
            "markers": "python_version >= '2.7' and python_version not in '3.0, 3.1, 3.2, 3.3'",
            "version": "==2.8.2"
        },
        "pytz": {
            "hashes": [
                "sha256:1d8ce29db189191fb55338ee6d0387d82ab59f3d00eac103412d64e0ebd0c588",
                "sha256:a151b3abb88eda1d4e34a9814df37de2a80e301e68ba0fd856fb9b46bfbbbffb"
            ],
            "version": "==2023.3"
        },
        "qdldl": {
            "hashes": [
                "sha256:092f6606690a2b9bd3c939f3147887e02de13bb068fbed5ffdc7459034def623",
                "sha256:0e3f06e8a49ddd834b24fc3d7afbba4fec0923101045aa2666e18d2a9980e329",
                "sha256:26aa3d6f0da7779265d72e8f418094003e75fa53c515a53bc03fd8b9bcfbf7de",
                "sha256:3a81c46522dd6b3042e2348fa98128bb5c0e466f42bce214e80cfb766ff40930",
                "sha256:40e5d6753310377451ed4dc09b1ef28faf40108b713e7f55c8a8ae94d679a672",
                "sha256:4a86155f3de66c5db0e21544b7a2421c671028fa20da407686d2a8d0e9b57e51",
                "sha256:717cb1892b033c01a0aae84ededcfa1f05bcb97013095d779c497e6c32f90dac",
                "sha256:718d8e141832e96ba71ca1807a74813836c6403110faaa3d33a67de1af3b29c4",
                "sha256:8ab02e8b9ff86bd644a1935718387c82fbe04c31e3309cf9f7a121d02b1deda8",
                "sha256:8fc35432913085d94b2327242cf51388467ef7a37ac0d71eb31b594b575dd498",
                "sha256:981ca8672e9506976c663552c1eb6f6daf9726d62650b3bf5900260946156166",
                "sha256:aa208703b44337a7e77f6f2663f7a452144becb4421970d534ff8297b92e1e10",
                "sha256:ae161342529852b6248ace4642bc4ee371a7c1e0707b7bc43a43ef7e73c06ca3",
                "sha256:b42649484f7c0d8ee659224ecaac0a3e97f12531018207f4d7323e4071320eb1",
                "sha256:b8ec670d97cf756f9159dc0a11de5cf054e88aefe84bea1c7282f00334642843",
                "sha256:c1dd0e570e65aaf35e10b7fb345f7ac763fd05a2227b9c06ce65e07993fc4984",
                "sha256:e55bcd6962178029faf543addd49db145302dd51e19855fefa71b5fd55840eea",
                "sha256:f346a114c8342ee6d4dbd6471eef314199fb268d3bf7b95885ca351fde2b023f",
                "sha256:fd5cfd8c50f33ddacb830594a63b8c1093a24aea45312b9d2ed826cea5ece08a"
            ],
            "version": "==0.1.7.post0"
        },
        "scipy": {
            "hashes": [
                "sha256:0490dc499fe23e4be35b8b6dd1e60a4a34f0c4adb30ac671e6332446b3cbbb5a",
                "sha256:0ab2a58064836632e2cec31ca197d3695c86b066bc4818052b3f5381bfd2a728",
                "sha256:151f066fe7d6653c3ffefd489497b8fa66d7316e3e0d0c0f7ff6acca1b802809",
                "sha256:16ba05d3d1b9f2141004f3f36888e05894a525960b07f4c2bfc0456b955a00be",
                "sha256:27e548276b5a88b51212b61f6dda49a24acf5d770dff940bd372b3f7ced8c6c2",
                "sha256:2ad449db4e0820e4b42baccefc98ec772ad7818dcbc9e28b85aa05a536b0f1a2",
                "sha256:2f9ea0a37aca111a407cb98aa4e8dfde6e5d9333bae06dfa5d938d14c80bb5c3",
                "sha256:38bfbd18dcc69eeb589811e77fae552fa923067fdfbb2e171c9eac749885f210",
                "sha256:3afcbddb4488ac950ce1147e7580178b333a29cd43524c689b2e3543a080a2c8",
                "sha256:42ab8b9e7dc1ebe248e55f54eea5307b6ab15011a7883367af48dd781d1312e4",
                "sha256:441cab2166607c82e6d7a8683779cb89ba0f475b983c7e4ab88f3668e268c143",
                "sha256:4bd0e3278126bc882d10414436e58fa3f1eca0aa88b534fcbf80ed47e854f46c",
                "sha256:4df25a28bd22c990b22129d3c637fd5c3be4b7c94f975dca909d8bab3309b694",
                "sha256:5cd7a30970c29d9768a7164f564d1fbf2842bfc77b7d114a99bc32703ce0bf48",
                "sha256:6e4497e5142f325a5423ff5fda2fff5b5d953da028637ff7c704378c8c284ea7",
                "sha256:6faf86ef7717891195ae0537e48da7524d30bc3b828b30c9b115d04ea42f076f",
                "sha256:954ff69d2d1bf666b794c1d7216e0a746c9d9289096a64ab3355a17c7c59db54",
                "sha256:9b878c671655864af59c108c20e4da1e796154bd78c0ed6bb02bc41c84625686",
                "sha256:b901b423c91281a974f6cd1c36f5c6c523e665b5a6d5e80fcb2334e14670eefd",
                "sha256:c8b3cbc636a87a89b770c6afc999baa6bcbb01691b5ccbbc1b1791c7c0a07540",
                "sha256:e096b062d2efdea57f972d232358cb068413dc54eec4f24158bcbb5cb8bddfd8"
            ],
            "index": "pypi",
            "version": "==1.10.0"
        },
        "scs": {
            "hashes": [
                "sha256:2d835a74c283be73bff6e1978d3ae77a60d9e87db1fdd12916464fa2a1dda517",
                "sha256:368194620918301bf5309a35a7cd0444f1b1992b182c0a29033c26eb97b3dcb2",
                "sha256:3eb601738b260e3dcad117f3e02aceaca5d1e8eac2be225be1c0f9cbf83e75cb",
                "sha256:6a80727167ad73151ced202a1ac6c0c7644b00b2e2607edec8a8807fc0443ac8",
                "sha256:715ca4532de39b462bd393f9e8b4bf57be4122e20f0780d00db3cab1450a585d",
                "sha256:79d7d6c42ee636821460d317b8250945ce04363a47a63aef6b1eae0bd7a418fc",
                "sha256:81511fda3254c0d29089443dcd2305e81d203509e4d77afd160e9174b15ad75a",
                "sha256:91f5194cfabe354c9b1f0ea1de82114028d81c5a4a633177b8da2fe36f301758",
                "sha256:9a14a7c80efb34b469eb4dbaf26a9104dd2ca93e477985f948d8f28cd4b1a2ba",
                "sha256:9d7f7fd2d2cd88938c159b15e8915d9536610e50a9c34ecf36ce0290807afe55",
                "sha256:c0d15f21e9053c5df37dab0d700da55fcc71f2f454748f364b9de594988b2ab3",
                "sha256:ddaa5af34a0e1f636d312eb1901bd407383f0b04dda50fba7242d56e618c0966",
                "sha256:e3bd779e7e977e3ae5a2f2035aa4c2a309e29082d59a722d5d6592edc4bdb4b3",
                "sha256:e6f64d23247797cfa289095fb5ddea6eeff5adf98961e953da90233278827e0c",
                "sha256:f1b24176de97ecedf698596086f85da6dad472fe38a4b21cf4b460f87cae2c37",
                "sha256:fcf4b985a787135b3e83682a4c5b9bce9c6290cfead1d7225c38f34f5ead7187"
            ],
            "version": "==3.2.3"
        },
        "setuptools": {
            "hashes": [
                "sha256:11e52c67415a381d10d6b462ced9cfb97066179f0e871399e006c4ab101fc85f",
                "sha256:baf1fdb41c6da4cd2eae722e135500da913332ab3f2f5c7d33af9b492acb5235"
            ],
            "markers": "python_version >= '3.7'",
            "version": "==68.0.0"
        },
        "six": {
            "hashes": [
                "sha256:1e61c37477a1626458e36f7b1d82aa5c9b094fa4802892072e49de9c60c4c926",
                "sha256:8abb2f1d86890a2dfb989f9a77cfcfd3e47c2a354b01111771326f8aa26e0254"
            ],
            "markers": "python_version >= '2.7' and python_version not in '3.0, 3.1, 3.2, 3.3'",
            "version": "==1.16.0"
        }
    },
    "develop": {}
}
