{
    "_meta": {
        "hash": {
            "sha256": "84480f9f17af985c9594767eb94bb9bc1bee8cd9ebc2eb17526dec8ad2fd26aa"
        },
        "pipfile-spec": 6,
        "requires": {
            "python_version": "3.8"
        },
        "sources": [
            {
                "name": "pypi",
                "url": "https://pypi.org/simple",
                "verify_ssl": true
            }
        ]
    },
    "default": {
        "cvxpy": {
            "hashes": [
                "sha256:08711eda2b7c371b67450e1e7de98223b4940a89b065e3295777b184b9e9131b",
                "sha256:0da15d10459908d1964cf2f35c706a99150ab22a1243d98796943d7daa43aa95",
                "sha256:0ed7e4b4bbcc80a55582e62d5688e2202f33dde3d0fceb23c81373dc6257d745",
                "sha256:21efdff59d3128b23c18f1a0c82bc8cf177ac40de0c10aece4e7536c4b942abe",
                "sha256:4e081576a625255bd3949d8d7f751a5d0175b2db512673e0ebc19fcabdfdb60a",
                "sha256:55b1cdbfb7fb7eba53077b5154d5287e8a0d31404eb342737eb1db360a265eef",
                "sha256:6d67642643d1ddb2f2af59b466b87d42c4a2e367831ad7b43c33b59eefa5b50e",
                "sha256:8861a12efa88e626fd932eb5ca8e5b97bc55efaba0a4b580265990ae3b29f323",
                "sha256:89125916eb98a0f3da326d5a70853eea2a911cbded1235827ee23d0556ff80e4",
                "sha256:8d51712e1f5cee68de1068a28d72d4ca855acae7162ded3872fa7bd46b9051d3",
                "sha256:8df52e9b0817d15814f3cdc7861c65b6f4e5554d90429fe4cfecb7bdd91994cf",
                "sha256:94ad386214e8b92b990caa2e3367cf503b03c0ded8ba4d3a4b916fe310bac97f",
                "sha256:b6a3d1e5f37c6bb01cbaf1e6574c805499ef60619ca0dcac4927c403c4a6f46c",
                "sha256:e0f85757a936905c64f92e84b06e04d0bc9e7b8ab932ebf9b0c7e80949b60160",
                "sha256:e98a5aadf033ab9b8f7c0e3aca920e4413ca181cd6eaa18c7c3386225bfbcb19",
                "sha256:f76d5740bcfd968cf3601c98c709ca5279886c2b47829cbfe85f48e37ec0844b"
            ],
            "markers": "python_version >= '3.7'",
            "version": "==1.2.1"
        },
        "ecos": {
            "hashes": [
                "sha256:13cfe9a4134b7a2f3a8f4b8d88ce5d5106bac3d168c356b0d77e1dd2ea9dc42d",
                "sha256:14deff01083fe8f54c52bee8f678eaebae54bc1eecce276324bf8ce30c306778",
                "sha256:48948eadd2e45dd9766f0686e3de27cc6ae8e9dc85c1a2139f712b9703b0374c",
                "sha256:533e1a0dec84e4e9a882b401a59b821da192f7fe4f32c6d65e400b6425858775",
                "sha256:6bfe0211b99094efea0c469abbd64a7f6b991dcf0a8bed7c591c6218607a9504",
                "sha256:6ed5ee0610b06911b6839e095a392cce52f8d88bedf86a381a9ed93c3af2a677",
                "sha256:8a116ebad51aeb8847ddf05bb1e432f56f6a495682406f237a7f1633374b8356",
                "sha256:8f64207b256ec8ee2ee54411927604b10e56b554bd608c7af5529c3bea93eafd",
                "sha256:9391a73fd25b2fc56b163a2a70c78973458bb194fe475b6c27672c0d980a47cf",
                "sha256:98c8e3b7247e7c63852974a9c4b1acc5804269b50a1aba3447220cad5e4c617f",
                "sha256:9b1e8134e822583f457d7759cab030e6076732bcbe977ceb1c64d8fe99c17bc3",
                "sha256:ae8bf83a9146741faaf36448eaeeef83b4dd7a9e88b80fe0e89b03d403e3096c",
                "sha256:b25f75808a2e136b8adc9c4dca0f3c56fc8d8256fb3c19cd162194125b4e52a9",
                "sha256:d1b7058c71808cb35e16217b832d2bf944f9a64ef852f6bd707ae66b474071e6",
                "sha256:d5944f9acdfd1d23fb16a22da1e78ae98981c283e16a27fbd7cf3d52e670222b",
                "sha256:d8afaeb204c6cbb706ebee218e3817a735ba9f7b33edc20844e6fda54946403c"
            ],
            "version": "==2.0.10"
        },
        "numpy": {
            "hashes": [
                "sha256:0cfe07133fd00b27edee5e6385e333e9eeb010607e8a46e1cd673f05f8596595",
                "sha256:11a1f3816ea82eed4178102c56281782690ab5993251fdfd75039aad4d20385f",
                "sha256:2762331de395739c91f1abb88041f94a080cb1143aeec791b3b223976228af3f",
                "sha256:283d9de87c0133ef98f93dfc09fad3fb382f2a15580de75c02b5bb36a5a159a5",
                "sha256:3d22662b4b10112c545c91a0741f2436f8ca979ab3d69d03d19322aa970f9695",
                "sha256:41388e32e40b41dd56eb37fcaa7488b2b47b0adf77c66154d6b89622c110dfe9",
                "sha256:42c16cec1c8cf2728f1d539bd55aaa9d6bb48a7de2f41eb944697293ef65a559",
                "sha256:47ee7a839f5885bc0c63a74aabb91f6f40d7d7b639253768c4199b37aede7982",
                "sha256:5a311ee4d983c487a0ab546708edbdd759393a3dc9cd30305170149fedd23c88",
                "sha256:5dc65644f75a4c2970f21394ad8bea1a844104f0fe01f278631be1c7eae27226",
                "sha256:6ed0d073a9c54ac40c41a9c2d53fcc3d4d4ed607670b9e7b0de1ba13b4cbfe6f",
                "sha256:76ba7c40e80f9dc815c5e896330700fd6e20814e69da9c1267d65a4d051080f1",
                "sha256:818b9be7900e8dc23e013a92779135623476f44a0de58b40c32a15368c01d471",
                "sha256:a024181d7aef0004d76fb3bce2a4c9f2e67a609a9e2a6ff2571d30e9976aa383",
                "sha256:a955e4128ac36797aaffd49ab44ec74a71c11d6938df83b1285492d277db5397",
                "sha256:a97a954a8c2f046d3817c2bce16e3c7e9a9c2afffaf0400f5c16df5172a67c9c",
                "sha256:a97e82c39d9856fe7d4f9b86d8a1e66eff99cf3a8b7ba48202f659703d27c46f",
                "sha256:b55b953a1bdb465f4dc181758570d321db4ac23005f90ffd2b434cc6609a63dd",
                "sha256:bb02929b0d6bfab4c48a79bd805bd7419114606947ec8284476167415171f55b",
                "sha256:bece0a4a49e60e472a6d1f70ac6cdea00f9ab80ff01132f96bd970cdd8a9e5a9",
                "sha256:e41e8951749c4b5c9a2dc5fdbc1a4eec6ab2a140fdae9b460b0f557eed870f4d",
                "sha256:f71d57cc8645f14816ae249407d309be250ad8de93ef61d9709b45a0ddf4050c"
            ],
            "index": "pypi",
            "version": "==1.22.0"
        },
        "osqp": {
            "hashes": [
                "sha256:26664bd4238f0f92642f532b23e61efba810a6debba0b3117300749f801e9c25",
                "sha256:4ca601c5008600b3e0a408339be21f9d626c497b0b0c4dbe4ffe6d6dbbed1b9f",
                "sha256:51a315e02a4cb42e1911047ec6b2a44b67a269d4b5d37d7ee737654206915c82",
                "sha256:648cb4e34caf0ee948b34a1d0b184f5233e30009090884e0d75503f868bf7b1f",
                "sha256:73a307a93fa7ab68b610e08637c95940070a27f11fda5a2e7a7095cfaff3f0ef",
                "sha256:77408f93ed261581fe498505c69480fb8584c8c0da2a2cd0710bb4bae0c872f5",
                "sha256:8003fc363f707daa46fef3af548e6a580372154d6cd49a7bf2f569ba5f807d15",
                "sha256:8c2e40e6788b860887d584a9929ad1c0e436aab8f82bb24da7b165034cb04017",
                "sha256:908d42fb5d1d9cb36d74a8f3db69384ed1813f1a3e755367557395ce7cf05e16",
                "sha256:b1e30d6fa10ed11a95023d7308ec1588de3f5b049d09a4d0cc49e057f8e9ce47",
                "sha256:b2fa17aae42a7ed498ec261b33f262bb4b3605e7e8464062159d9fae817f0d61",
                "sha256:c07602c8747ce7a177d091bb6d47ce8f214997a86b7577ddee4adae43e9ac92f",
                "sha256:c23bb95e6f72c6b253737edb9e4ef47ceccc3d891c287041ed5fe5f173d317bb",
                "sha256:c7b3ae95221ad6f607dc4a69f36b7a0c71ca434ce85dcbf5cfa084770be5b249",
                "sha256:c9470c5d58535d31080cb693568916a3e837f09dfa94819a85284b36b3626738",
                "sha256:ff71646bc9d55c5b3a72cc9b4197e51c36d25d8b2bb81f975d3ce7772ff188ec"
            ],
            "version": "==0.6.2.post5"
        },
        "pandas": {
            "hashes": [
                "sha256:00dff3a8e337f5ed7ad295d98a31821d3d0fe7792da82d78d7fd79b89c03ea9d",
                "sha256:22361b1597c8c2ffd697aa9bf85423afa9e1fcfa6b1ea821054a244d5f24d75e",
                "sha256:255920e63850dc512ce356233081098554d641ba99c3767dde9e9f35630f994b",
                "sha256:26382aab9c119735908d94d2c5c08020a4a0a82969b7e5eefb92f902b3b30ad7",
                "sha256:33970f4cacdd9a0ddb8f21e151bfb9f178afb7c36eb7c25b9094c02876f385c2",
                "sha256:4545467a637e0e1393f7d05d61dace89689ad6d6f66f267f86fff737b702cce9",
                "sha256:52da74df8a9c9a103af0a72c9d5fdc8e0183a90884278db7f386b5692a2220a4",
                "sha256:61741f5aeb252f39c3031d11405305b6d10ce663c53bc3112705d7ad66c013d0",
                "sha256:6a3ac2c87e4e32a969921d1428525f09462770c349147aa8e9ab95f88c71ec71",
                "sha256:7458c48e3d15b8aaa7d575be60e1e4dd70348efcd9376656b72fecd55c59a4c3",
                "sha256:78bf638993219311377ce9836b3dc05f627a666d0dbc8cec37c0ff3c9ada673b",
                "sha256:8153705d6545fd9eb6dd2bc79301bff08825d2e2f716d5dced48daafc2d0b81f",
                "sha256:975c461accd14e89d71772e89108a050fa824c0b87a67d34cedf245f6681fc17",
                "sha256:9962957a27bfb70ab64103d0a7b42fa59c642fb4ed4cb75d0227b7bb9228535d",
                "sha256:adc3d3a3f9e59a38d923e90e20c4922fc62d1e5a03d083440468c6d8f3f1ae0a",
                "sha256:bbe3eb765a0b1e578833d243e2814b60c825b7fdbf4cdfe8e8aae8a08ed56ecf",
                "sha256:df8864824b1fe488cf778c3650ee59c3a0d8f42e53707de167ba6b4f7d35f133",
                "sha256:e45055c30a608076e31a9fcd780a956ed3b1fa20db61561b8d88b79259f526f7",
                "sha256:ee50c2142cdcf41995655d499a157d0a812fce55c97d9aad13bc1eef837ed36c"
            ],
            "markers": "python_full_version >= '3.5.3'",
            "version": "==0.25.3"
        },
        "pulp": {
            "hashes": [
                "sha256:76f9c9f984e6e407959545a556ce10c6cc0fdb0db820d627f0073ecf4f5c5c1b",
                "sha256:c15f265ae3d0c205900ff91cce2d157f191adc8a6a3967b3e146ec7faaca70e0"
            ],
            "index": "pypi",
            "version": "==2.1"
        },
        "pyparsing": {
            "hashes": [
                "sha256:2b020ecf7d21b687f219b71ecad3631f644a47f01403fa1d1036b0c6416d70fb",
                "sha256:5026bae9a10eeaefb61dab2f09052b9f4307d44aee4eda64b309723d8d206bbc"
            ],
            "markers": "python_full_version >= '3.6.8'",
            "version": "==3.0.9"
        },
        "pyportfolioopt": {
            "hashes": [
                "sha256:3f15c5a920ca8832042204fb01df2f832120d9743b9e3424b6a77533a287475b",
                "sha256:ca6caddacefef099093598b5450cc94e9cfa8989859456ebe903b6344bd57998"
            ],
            "index": "pypi",
            "version": "==1.1.0"
        },
        "python-dateutil": {
            "hashes": [
                "sha256:0123cacc1627ae19ddf3c27a5de5bd67ee4586fbdd6440d9748f8abb483d3e86",
                "sha256:961d03dc3453ebbc59dbdea9e4e11c5651520a876d0f4db161e8674aae935da9"
            ],
            "markers": "python_version >= '2.7' and python_version not in '3.0, 3.1, 3.2, 3.3'",
            "version": "==2.8.2"
        },
        "pytz": {
            "hashes": [
                "sha256:1e760e2fe6a8163bc0b3d9a19c4f84342afa0a2affebfaa84b01b978a02ecaa7",
                "sha256:e68985985296d9a66a881eb3193b0906246245294a881e7c8afe623866ac6a5c"
            ],
            "version": "==2022.1"
        },
        "qdldl": {
            "hashes": [
                "sha256:05b3079837c0ec86136b4a29b3842eab7bfc7a5517d751a3e5d0d5c111a2e523",
                "sha256:15d0fbff31aa19195b135ca934cf75025d46a275d915eebb7c11a7d16e148096",
                "sha256:227fe8988a86b9f9ed341ad20d11502789b4d05bceddb09a47dbb24b08d79966",
                "sha256:408a34b735be5425dc088cdebb1129f0f5d8cc9fd8c888fc9ed0bd1a02a65d6f",
                "sha256:438b303b8b7b95531d93b457657ec89e742bd90c9a72da1eebfb51095007922c",
                "sha256:5269f40521b12941f1334a162f8f06375df6a89f0f90d8a758ae3b83b8931b18",
                "sha256:53b19b8509f529fa6fdc8f869f6172d5c89587b657aa24d958d339de3bc47a73",
                "sha256:655f5e83c9e46f2d9b32508852d92b6e8fa6d166a6f48960aac54e81cd578417",
                "sha256:7daf7ad1bfff1da71da06e82d5147bdb1ac866581617d8f06cc4eeda48e2a149",
                "sha256:879cd43b41babda79d4896f6b5a79dfbf96be5f13489553c793659116a2e9ce4",
                "sha256:ab77ca440cbca98377e3ade32860c8d7e4fa97759d6266759a7e2f718ec4ded1",
                "sha256:ae054e987066ae861c0bc648a7cdd523cfb1849353bc9b1591ecbf2a55ca8b7d",
                "sha256:ae0b70e7599dd58ef16d6500947b8d2bdd4272ffbbd2ebf5c516691fdfb82212",
                "sha256:d6f0f55bb853f10e3a2025193af2d1cc202697cc7985fe7785d681114c5b3cdb",
                "sha256:fa7057d8888ea8ebba859da8b25d40e10e2f12013f6b0b033c9ab6e68cd10763",
                "sha256:ffbdd5bd07f2340ad2ce01d44cc95223ffa256136ac5dc32f4f80926701640fb"
            ],
            "version": "==0.1.5.post2"
        },
        "scipy": {
            "hashes": [
                "sha256:02b567e722d62bddd4ac253dafb01ce7ed8742cf8031aea030a41414b86c1125",
                "sha256:1166514aa3bbf04cb5941027c6e294a000bba0cf00f5cdac6c77f2dad479b434",
                "sha256:1da52b45ce1a24a4a22db6c157c38b39885a990a566748fc904ec9f03ed8c6ba",
                "sha256:23b22fbeef3807966ea42d8163322366dd89da9bebdc075da7034cee3a1441ca",
                "sha256:28d2cab0c6ac5aa131cc5071a3a1d8e1366dad82288d9ec2ca44df78fb50e649",
                "sha256:2ef0fbc8bcf102c1998c1f16f15befe7cffba90895d6e84861cd6c6a33fb54f6",
                "sha256:3b69b90c9419884efeffaac2c38376d6ef566e6e730a231e15722b0ab58f0328",
                "sha256:4b93ec6f4c3c4d041b26b5f179a6aab8f5045423117ae7a45ba9710301d7e462",
                "sha256:4e53a55f6a4f22de01ffe1d2f016e30adedb67a699a310cdcac312806807ca81",
                "sha256:6311e3ae9cc75f77c33076cb2794fb0606f14c8f1b1c9ff8ce6005ba2c283621",
                "sha256:65b77f20202599c51eb2771d11a6b899b97989159b7975e9b5259594f1d35ef4",
                "sha256:6cc6b33139eb63f30725d5f7fa175763dc2df6a8f38ddf8df971f7c345b652dc",
                "sha256:70de2f11bf64ca9921fda018864c78af7147025e467ce9f4a11bc877266900a6",
                "sha256:70ebc84134cf0c504ce6a5f12d6db92cb2a8a53a49437a6bb4edca0bc101f11c",
                "sha256:83606129247e7610b58d0e1e93d2c5133959e9cf93555d3c27e536892f1ba1f2",
                "sha256:93d07494a8900d55492401917a119948ed330b8c3f1d700e0b904a578f10ead4",
                "sha256:9c4e3ae8a716c8b3151e16c05edb1daf4cb4d866caa385e861556aff41300c14",
                "sha256:9dd4012ac599a1e7eb63c114d1eee1bcfc6dc75a29b589ff0ad0bb3d9412034f",
                "sha256:9e3fb1b0e896f14a85aa9a28d5f755daaeeb54c897b746df7a55ccb02b340f33",
                "sha256:a0aa8220b89b2e3748a2836fbfa116194378910f1a6e78e4675a095bcd2c762d",
                "sha256:d3b3c8924252caaffc54d4a99f1360aeec001e61267595561089f8b5900821bb",
                "sha256:e013aed00ed776d790be4cb32826adb72799c61e318676172495383ba4570aa4",
                "sha256:f3e7a8867f307e3359cc0ed2c63b61a1e33a19080f92fe377bc7d49f646f2ec1"
            ],
            "markers": "python_version < '3.11' and python_version >= '3.8'",
            "version": "==1.8.1"
        },
        "scs": {
            "hashes": [
                "sha256:0db0c7f4bd58dd7393d75aeb937854067297e26a3714c413c072bbaed069de05",
                "sha256:1ec501ed06cc07bf291256c3ed0a5a02361ef655aee3e034a5cbc0acfc12c6e2",
                "sha256:390770e9af094f81f9c30ce11f119131e1db71f4663d28e1ec5c4fdbe9bf77b0",
                "sha256:438514dea72896805f15f0f66596393217abb3072c2be53f894b176866f00be4",
                "sha256:4532a19e05cd7f115aa724606d0e39a72bbee366f5952d8e90d58954979eeb49",
                "sha256:6a180d86f61999db50b6a305872056b798740c87c4245006924dd654b6a998dd",
                "sha256:727d14eb509430c6f1524d97a7195d35241afde0514df2658d6d5adcf6db3342",
                "sha256:76aa5b5d0b1baef4b675d1cde24da39b9bb7cbc6e05d437fd0c33071ca1de364",
                "sha256:9f8de9e078a1455dbb1995ce4494d9f88c5bf345f6e89c84714ebb89a7121593",
                "sha256:a4c86eeadcb40350b74721d655fb9a8eb7e16ed2962fe4ae64473d0d47d276a1",
                "sha256:ab1c5fada8b19d5413b4cfad9ede834d4cfdd479cc77598d927003657177b3f2",
                "sha256:b559307b1ffcd72d1e8ecf6473c047834c546f65b1a90f560265dd5b24c36ba1",
                "sha256:f3153e032f22c86f4b3c0024b6dca517dd243c7e26c01ccdd7747198af44a9f8",
                "sha256:f501e270b000ab61f8cde7793e8e44bec161cb7087944d8404bb3744b44ac932",
                "sha256:fafefeec16d6d9117629b4776e54da5adb40200888fce9519e4b017931d2062a",
                "sha256:fc5241cbc1da00b38a2c24a6ea427ee9f771879b9d7e9f5a8ff48bb2e270cdfd"
            ],
            "version": "==3.2.0"
        },
        "six": {
            "hashes": [
                "sha256:1e61c37477a1626458e36f7b1d82aa5c9b094fa4802892072e49de9c60c4c926",
                "sha256:8abb2f1d86890a2dfb989f9a77cfcfd3e47c2a354b01111771326f8aa26e0254"
            ],
            "markers": "python_version >= '2.7' and python_version not in '3.0, 3.1, 3.2, 3.3'",
            "version": "==1.16.0"
        }
    },
    "develop": {}
}
